
Microsoft Visual Studio Solution File, Format Version 12.00
# Visual Studio 2012
Project("{FAE04EC0-301F-11D3-BF4B-00C04F79EFBC}") = "BoggleBud", "BoggleBud\BoggleBud.csproj", "{83F78F21-BF64-4E18-AB26-935EB140BAC5}"
EndProject
Global
	GlobalSection(SolutionConfigurationPlatforms) = preSolution
		Debug|iPhoneSimulator = Debug|iPhoneSimulator
		Release|iPhone = Release|iPhone
		Release|iPhoneSimulator = Release|iPhoneSimulator
		Debug|iPhone = Debug|iPhone
	EndGlobalSection
	GlobalSection(ProjectConfigurationPlatforms) = postSolution
		{83F78F21-BF64-4E18-AB26-935EB140BAC5}.Debug|iPhoneSimulator.ActiveCfg = Debug|iPhoneSimulator
		{83F78F21-BF64-4E18-AB26-935EB140BAC5}.Debug|iPhoneSimulator.Build.0 = Debug|iPhoneSimulator
		{83F78F21-BF64-4E18-AB26-935EB140BAC5}.Release|iPhone.ActiveCfg = Release|iPhone
		{83F78F21-BF64-4E18-AB26-935EB140BAC5}.Release|iPhone.Build.0 = Release|iPhone
		{83F78F21-BF64-4E18-AB26-935EB140BAC5}.Release|iPhoneSimulator.ActiveCfg = Release|iPhoneSimulator
		{83F78F21-BF64-4E18-AB26-935EB140BAC5}.Release|iPhoneSimulator.Build.0 = Release|iPhoneSimulator
		{83F78F21-BF64-4E18-AB26-935EB140BAC5}.Debug|iPhone.ActiveCfg = Debug|iPhone
		{83F78F21-BF64-4E18-AB26-935EB140BAC5}.Debug|iPhone.Build.0 = Debug|iPhone
	EndGlobalSection
EndGlobal
